
Microsoft Visual Studio Solution File, Format Version 11.00
# Visual Studio 2010
Project("{FAE04EC0-301F-11D3-BF4B-00C04F79EFBC}") = "Assembly-CSharp", "Assembly-CSharp.csproj", "{021bc09b-32cd-ce1c-c5f6-8dcf19207276}"
EndProject
Project("{FAE04EC0-301F-11D3-BF4B-00C04F79EFBC}") = "Assembly-CSharp-Editor", "Assembly-CSharp-Editor.csproj", "{9a54a119-9c3d-2d7c-979b-887889638371}"
EndProject
Global
	GlobalSection(SolutionConfigurationPlatforms) = preSolution
		Debug|Any CPU = Debug|Any CPU
		Release|Any CPU = Release|Any CPU
	EndGlobalSection
	GlobalSection(ProjectConfigurationPlatforms) = postSolution
		{021bc09b-32cd-ce1c-c5f6-8dcf19207276}.Debug|Any CPU.ActiveCfg = Debug|Any CPU
		{021bc09b-32cd-ce1c-c5f6-8dcf19207276}.Debug|Any CPU.Build.0 = Debug|Any CPU
		{021bc09b-32cd-ce1c-c5f6-8dcf19207276}.Release|Any CPU.ActiveCfg = Release|Any CPU
		{021bc09b-32cd-ce1c-c5f6-8dcf19207276}.Release|Any CPU.Build.0 = Release|Any CPU
		{9a54a119-9c3d-2d7c-979b-887889638371}.Debug|Any CPU.ActiveCfg = Debug|Any CPU
		{9a54a119-9c3d-2d7c-979b-887889638371}.Debug|Any CPU.Build.0 = Debug|Any CPU
		{9a54a119-9c3d-2d7c-979b-887889638371}.Release|Any CPU.ActiveCfg = Release|Any CPU
		{9a54a119-9c3d-2d7c-979b-887889638371}.Release|Any CPU.Build.0 = Release|Any CPU
	EndGlobalSection
	GlobalSection(SolutionProperties) = preSolution
		HideSolutionNode = FALSE
	EndGlobalSection
EndGlobal
